
Microsoft Visual Studio Solution File, Format Version 12.00
# Visual Studio Version 17
VisualStudioVersion = 17.12.35707.178 d17.12
MinimumVisualStudioVersion = 10.0.40219.1
Project("{FAE04EC0-301F-11D3-BF4B-00C04F79EFBC}") = "Entity-Home2", "Entity-Home2\Entity-Home2.csproj", "{C46BB0C1-5D7F-471F-899A-B95A48365110}"
EndProject
Global
	GlobalSection(SolutionConfigurationPlatforms) = preSolution
		Debug|Any CPU = Debug|Any CPU
		Release|Any CPU = Release|Any CPU
	EndGlobalSection
	GlobalSection(ProjectConfigurationPlatforms) = postSolution
		{C46BB0C1-5D7F-471F-899A-B95A48365110}.Debug|Any CPU.ActiveCfg = Debug|Any CPU
		{C46BB0C1-5D7F-471F-899A-B95A48365110}.Debug|Any CPU.Build.0 = Debug|Any CPU
		{C46BB0C1-5D7F-471F-899A-B95A48365110}.Release|Any CPU.ActiveCfg = Release|Any CPU
		{C46BB0C1-5D7F-471F-899A-B95A48365110}.Release|Any CPU.Build.0 = Release|Any CPU
	EndGlobalSection
	GlobalSection(SolutionProperties) = preSolution
		HideSolutionNode = FALSE
	EndGlobalSection
EndGlobal
