
Microsoft Visual Studio Solution File, Format Version 12.00
# Visual Studio Version 17
VisualStudioVersion = 17.12.35707.178 d17.12
MinimumVisualStudioVersion = 10.0.40219.1
Project("{FAE04EC0-301F-11D3-BF4B-00C04F79EFBC}") = "Entity-Class8", "Entity-Class8\Entity-Class8.csproj", "{D6DDB092-23A4-4164-B9A5-5EA20FB25B57}"
EndProject
Global
	GlobalSection(SolutionConfigurationPlatforms) = preSolution
		Debug|Any CPU = Debug|Any CPU
		Release|Any CPU = Release|Any CPU
	EndGlobalSection
	GlobalSection(ProjectConfigurationPlatforms) = postSolution
		{D6DDB092-23A4-4164-B9A5-5EA20FB25B57}.Debug|Any CPU.ActiveCfg = Debug|Any CPU
		{D6DDB092-23A4-4164-B9A5-5EA20FB25B57}.Debug|Any CPU.Build.0 = Debug|Any CPU
		{D6DDB092-23A4-4164-B9A5-5EA20FB25B57}.Release|Any CPU.ActiveCfg = Release|Any CPU
		{D6DDB092-23A4-4164-B9A5-5EA20FB25B57}.Release|Any CPU.Build.0 = Release|Any CPU
	EndGlobalSection
	GlobalSection(SolutionProperties) = preSolution
		HideSolutionNode = FALSE
	EndGlobalSection
EndGlobal
